
Microsoft Visual Studio Solution File, Format Version 12.00
Project("{2150E333-8FDC-42A3-9474-1A3956D46DE8}") = "src", "src", "{3BABDA72-9198-43EB-8F60-675CF167E529}"
EndProject
Project("{FAE04EC0-301F-11D3-BF4B-00C04F79EFBC}") = "TruyenHayPro.Core", "TruyenHayPro.Core\TruyenHayPro.Core.csproj", "{844314BD-C2ED-42F3-92EF-FA752D4C4392}"
EndProject
Project("{FAE04EC0-301F-11D3-BF4B-00C04F79EFBC}") = "TruyenHayPro.Application", "TruyenHayPro.Application\TruyenHayPro.Application.csproj", "{F318DA69-3D43-4DAD-B1D2-F8A17471D193}"
EndProject
Project("{FAE04EC0-301F-11D3-BF4B-00C04F79EFBC}") = "TruyenHayPro.Infrastructure", "TruyenHayPro.Infrastructure\TruyenHayPro.Infrastructure.csproj", "{3495E8B5-F7AB-4BA3-9FEF-D1C37C6AFCD6}"
EndProject
Project("{FAE04EC0-301F-11D3-BF4B-00C04F79EFBC}") = "TruyenHayPro.WebAPI", "TruyenHayPro.WebAPI\TruyenHayPro.WebAPI.csproj", "{18695114-FC98-4837-84AA-28BA9ACDF29E}"
EndProject
Project("{FAE04EC0-301F-11D3-BF4B-00C04F79EFBC}") = "TruyenHayPro.Web", "TruyenHayPro.Web\TruyenHayPro.Web\TruyenHayPro.Web.csproj", "{224A414D-6951-4DD3-9516-3281A76EAFEA}"
EndProject
Project("{FAE04EC0-301F-11D3-BF4B-00C04F79EFBC}") = "TruyenHayPro.Web.Client", "TruyenHayPro.Web\TruyenHayPro.Web.Client\TruyenHayPro.Web.Client.csproj", "{8DE925F7-3B55-480D-9A35-66E693A7B5BC}"
EndProject
Project("{FAE04EC0-301F-11D3-BF4B-00C04F79EFBC}") = "TruyenHayPro.Background", "TruyenHayPro.Background\TruyenHayPro.Background.csproj", "{710FB3D4-44D2-4E2B-B7C7-40053E563293}"
EndProject
Project("{FAE04EC0-301F-11D3-BF4B-00C04F79EFBC}") = "TruyenHayPro.Tests", "TruyenHayPro.Tests\TruyenHayPro.Tests.csproj", "{CE9AFCFC-065F-4B11-91D3-45DAC63C8595}"
EndProject
Project("{FAE04EC0-301F-11D3-BF4B-00C04F79EFBC}") = "TruyenHayPro.Shared", "TruyenHayPro.Shared\TruyenHayPro.Shared.csproj", "{BA2DE0A9-978F-496B-A526-7D616341EEE8}"
EndProject
Global
	GlobalSection(SolutionConfigurationPlatforms) = preSolution
		Debug|Any CPU = Debug|Any CPU
		Release|Any CPU = Release|Any CPU
	EndGlobalSection
	GlobalSection(ProjectConfigurationPlatforms) = postSolution
		{844314BD-C2ED-42F3-92EF-FA752D4C4392}.Debug|Any CPU.ActiveCfg = Debug|Any CPU
		{844314BD-C2ED-42F3-92EF-FA752D4C4392}.Debug|Any CPU.Build.0 = Debug|Any CPU
		{844314BD-C2ED-42F3-92EF-FA752D4C4392}.Release|Any CPU.ActiveCfg = Release|Any CPU
		{844314BD-C2ED-42F3-92EF-FA752D4C4392}.Release|Any CPU.Build.0 = Release|Any CPU
		{F318DA69-3D43-4DAD-B1D2-F8A17471D193}.Debug|Any CPU.ActiveCfg = Debug|Any CPU
		{F318DA69-3D43-4DAD-B1D2-F8A17471D193}.Debug|Any CPU.Build.0 = Debug|Any CPU
		{F318DA69-3D43-4DAD-B1D2-F8A17471D193}.Release|Any CPU.ActiveCfg = Release|Any CPU
		{F318DA69-3D43-4DAD-B1D2-F8A17471D193}.Release|Any CPU.Build.0 = Release|Any CPU
		{3495E8B5-F7AB-4BA3-9FEF-D1C37C6AFCD6}.Debug|Any CPU.ActiveCfg = Debug|Any CPU
		{3495E8B5-F7AB-4BA3-9FEF-D1C37C6AFCD6}.Debug|Any CPU.Build.0 = Debug|Any CPU
		{3495E8B5-F7AB-4BA3-9FEF-D1C37C6AFCD6}.Release|Any CPU.ActiveCfg = Release|Any CPU
		{3495E8B5-F7AB-4BA3-9FEF-D1C37C6AFCD6}.Release|Any CPU.Build.0 = Release|Any CPU
		{18695114-FC98-4837-84AA-28BA9ACDF29E}.Debug|Any CPU.ActiveCfg = Debug|Any CPU
		{18695114-FC98-4837-84AA-28BA9ACDF29E}.Debug|Any CPU.Build.0 = Debug|Any CPU
		{18695114-FC98-4837-84AA-28BA9ACDF29E}.Release|Any CPU.ActiveCfg = Release|Any CPU
		{18695114-FC98-4837-84AA-28BA9ACDF29E}.Release|Any CPU.Build.0 = Release|Any CPU
		{224A414D-6951-4DD3-9516-3281A76EAFEA}.Debug|Any CPU.ActiveCfg = Debug|Any CPU
		{224A414D-6951-4DD3-9516-3281A76EAFEA}.Debug|Any CPU.Build.0 = Debug|Any CPU
		{224A414D-6951-4DD3-9516-3281A76EAFEA}.Release|Any CPU.ActiveCfg = Release|Any CPU
		{224A414D-6951-4DD3-9516-3281A76EAFEA}.Release|Any CPU.Build.0 = Release|Any CPU
		{8DE925F7-3B55-480D-9A35-66E693A7B5BC}.Debug|Any CPU.ActiveCfg = Debug|Any CPU
		{8DE925F7-3B55-480D-9A35-66E693A7B5BC}.Debug|Any CPU.Build.0 = Debug|Any CPU
		{8DE925F7-3B55-480D-9A35-66E693A7B5BC}.Release|Any CPU.ActiveCfg = Release|Any CPU
		{8DE925F7-3B55-480D-9A35-66E693A7B5BC}.Release|Any CPU.Build.0 = Release|Any CPU
		{710FB3D4-44D2-4E2B-B7C7-40053E563293}.Debug|Any CPU.ActiveCfg = Debug|Any CPU
		{710FB3D4-44D2-4E2B-B7C7-40053E563293}.Debug|Any CPU.Build.0 = Debug|Any CPU
		{710FB3D4-44D2-4E2B-B7C7-40053E563293}.Release|Any CPU.ActiveCfg = Release|Any CPU
		{710FB3D4-44D2-4E2B-B7C7-40053E563293}.Release|Any CPU.Build.0 = Release|Any CPU
		{CE9AFCFC-065F-4B11-91D3-45DAC63C8595}.Debug|Any CPU.ActiveCfg = Debug|Any CPU
		{CE9AFCFC-065F-4B11-91D3-45DAC63C8595}.Debug|Any CPU.Build.0 = Debug|Any CPU
		{CE9AFCFC-065F-4B11-91D3-45DAC63C8595}.Release|Any CPU.ActiveCfg = Release|Any CPU
		{CE9AFCFC-065F-4B11-91D3-45DAC63C8595}.Release|Any CPU.Build.0 = Release|Any CPU
		{BA2DE0A9-978F-496B-A526-7D616341EEE8}.Debug|Any CPU.ActiveCfg = Debug|Any CPU
		{BA2DE0A9-978F-496B-A526-7D616341EEE8}.Debug|Any CPU.Build.0 = Debug|Any CPU
		{BA2DE0A9-978F-496B-A526-7D616341EEE8}.Release|Any CPU.ActiveCfg = Release|Any CPU
		{BA2DE0A9-978F-496B-A526-7D616341EEE8}.Release|Any CPU.Build.0 = Release|Any CPU
	EndGlobalSection
	GlobalSection(NestedProjects) = preSolution
		{844314BD-C2ED-42F3-92EF-FA752D4C4392} = {3BABDA72-9198-43EB-8F60-675CF167E529}
		{F318DA69-3D43-4DAD-B1D2-F8A17471D193} = {3BABDA72-9198-43EB-8F60-675CF167E529}
		{3495E8B5-F7AB-4BA3-9FEF-D1C37C6AFCD6} = {3BABDA72-9198-43EB-8F60-675CF167E529}
		{18695114-FC98-4837-84AA-28BA9ACDF29E} = {3BABDA72-9198-43EB-8F60-675CF167E529}
		{224A414D-6951-4DD3-9516-3281A76EAFEA} = {3BABDA72-9198-43EB-8F60-675CF167E529}
		{8DE925F7-3B55-480D-9A35-66E693A7B5BC} = {3BABDA72-9198-43EB-8F60-675CF167E529}
		{710FB3D4-44D2-4E2B-B7C7-40053E563293} = {3BABDA72-9198-43EB-8F60-675CF167E529}
		{CE9AFCFC-065F-4B11-91D3-45DAC63C8595} = {3BABDA72-9198-43EB-8F60-675CF167E529}
		{BA2DE0A9-978F-496B-A526-7D616341EEE8} = {3BABDA72-9198-43EB-8F60-675CF167E529}
	EndGlobalSection
EndGlobal
